
Microsoft Visual Studio Solution File, Format Version 12.00
# Visual Studio Version 16
VisualStudioVersion = 16.0.33130.400
MinimumVisualStudioVersion = 10.0.40219.1
Project("{888888A0-9F3D-457C-B088-3A5042F75D52}") = "Animal Farm codequest", "Animal Farm codequest\Animal Farm codequest.pyproj", "{BE98A219-0C0C-4C54-92E9-B298E9D6FB78}"
EndProject
Global
	GlobalSection(SolutionConfigurationPlatforms) = preSolution
		Debug|Any CPU = Debug|Any CPU
		Release|Any CPU = Release|Any CPU
	EndGlobalSection
	GlobalSection(ProjectConfigurationPlatforms) = postSolution
		{BE98A219-0C0C-4C54-92E9-B298E9D6FB78}.Debug|Any CPU.ActiveCfg = Debug|Any CPU
		{BE98A219-0C0C-4C54-92E9-B298E9D6FB78}.Release|Any CPU.ActiveCfg = Release|Any CPU
	EndGlobalSection
	GlobalSection(SolutionProperties) = preSolution
		HideSolutionNode = FALSE
	EndGlobalSection
	GlobalSection(ExtensibilityGlobals) = postSolution
		SolutionGuid = {5CAC05B1-410F-4DA0-A372-EC7F2883707F}
	EndGlobalSection
EndGlobal
